
Microsoft Visual Studio Solution File, Format Version 12.00
# Visual Studio Version 17
VisualStudioVersion = 17.14.36811.4 d17.14
MinimumVisualStudioVersion = 10.0.40219.1
Project("{FAE04EC0-301F-11D3-BF4B-00C04F79EFBC}") = "Position Size Calculator", "Position Size Calculator\Position Size Calculator.csproj", "{2EDB9C1E-986B-436C-8BE1-DA06CEDAD143}"
EndProject
Global
	GlobalSection(SolutionConfigurationPlatforms) = preSolution
		Debug|Any CPU = Debug|Any CPU
		Release|Any CPU = Release|Any CPU
	EndGlobalSection
	GlobalSection(ProjectConfigurationPlatforms) = postSolution
		{2EDB9C1E-986B-436C-8BE1-DA06CEDAD143}.Debug|Any CPU.ActiveCfg = Debug|Any CPU
		{2EDB9C1E-986B-436C-8BE1-DA06CEDAD143}.Debug|Any CPU.Build.0 = Debug|Any CPU
		{2EDB9C1E-986B-436C-8BE1-DA06CEDAD143}.Debug|Any CPU.Deploy.0 = Debug|Any CPU
		{2EDB9C1E-986B-436C-8BE1-DA06CEDAD143}.Release|Any CPU.ActiveCfg = Release|Any CPU
		{2EDB9C1E-986B-436C-8BE1-DA06CEDAD143}.Release|Any CPU.Build.0 = Release|Any CPU
		{2EDB9C1E-986B-436C-8BE1-DA06CEDAD143}.Release|Any CPU.Deploy.0 = Release|Any CPU
	EndGlobalSection
	GlobalSection(SolutionProperties) = preSolution
		HideSolutionNode = FALSE
	EndGlobalSection
	GlobalSection(ExtensibilityGlobals) = postSolution
		SolutionGuid = {F844668B-9128-45D3-B00C-9177BE0570F1}
	EndGlobalSection
EndGlobal
