
Microsoft Visual Studio Solution File, Format Version 12.00
# Visual Studio Version 17
VisualStudioVersion = 17.14.36811.4
MinimumVisualStudioVersion = 10.0.40219.1
Project("{FAE04EC0-301F-11D3-BF4B-00C04F79EFBC}") = "PositionSizeCalculator", "PositionSizeCalculator\PositionSizeCalculator.csproj", "{AB866A27-1C77-DB94-14FD-69E6D4C3F057}"
EndProject
Global
	GlobalSection(SolutionConfigurationPlatforms) = preSolution
		Debug|Any CPU = Debug|Any CPU
		Release|Any CPU = Release|Any CPU
	EndGlobalSection
	GlobalSection(ProjectConfigurationPlatforms) = postSolution
		{AB866A27-1C77-DB94-14FD-69E6D4C3F057}.Debug|Any CPU.ActiveCfg = Debug|Any CPU
		{AB866A27-1C77-DB94-14FD-69E6D4C3F057}.Debug|Any CPU.Build.0 = Debug|Any CPU
		{AB866A27-1C77-DB94-14FD-69E6D4C3F057}.Debug|Any CPU.Deploy.0 = Debug|Any CPU
		{AB866A27-1C77-DB94-14FD-69E6D4C3F057}.Release|Any CPU.ActiveCfg = Release|Any CPU
		{AB866A27-1C77-DB94-14FD-69E6D4C3F057}.Release|Any CPU.Build.0 = Release|Any CPU
		{AB866A27-1C77-DB94-14FD-69E6D4C3F057}.Release|Any CPU.Deploy.0 = Release|Any CPU
	EndGlobalSection
	GlobalSection(SolutionProperties) = preSolution
		HideSolutionNode = FALSE
	EndGlobalSection
	GlobalSection(ExtensibilityGlobals) = postSolution
		SolutionGuid = {F844668B-9128-45D3-B00C-9177BE0570F1}
	EndGlobalSection
EndGlobal
